
Microsoft Visual Studio Solution File, Format Version 12.00
# Visual Studio 2012
Project("{FAE04EC0-301F-11D3-BF4B-00C04F79EFBC}") = "web", "web\web.csproj", "{9548515D-17E2-470E-8BEA-CF737B039C02}"
EndProject
Global
	GlobalSection(SolutionConfigurationPlatforms) = preSolution
		Debug|Any CPU = Debug|Any CPU
		Release|Any CPU = Release|Any CPU
	EndGlobalSection
	GlobalSection(ProjectConfigurationPlatforms) = postSolution
		{9548515D-17E2-470E-8BEA-CF737B039C02}.Debug|Any CPU.ActiveCfg = Debug|Any CPU
		{9548515D-17E2-470E-8BEA-CF737B039C02}.Debug|Any CPU.Build.0 = Debug|Any CPU
		{9548515D-17E2-470E-8BEA-CF737B039C02}.Release|Any CPU.ActiveCfg = Release|Any CPU
		{9548515D-17E2-470E-8BEA-CF737B039C02}.Release|Any CPU.Build.0 = Release|Any CPU
	EndGlobalSection
EndGlobal
